
Microsoft Visual Studio Solution File, Format Version 12.00
Project("{FAE04EC0-301F-11D3-BF4B-00C04F79EFBC}") = "Demo", "Demo\Demo.csproj", "{151BF71F-2F76-47EA-A163-89B92390EE40}"
EndProject
Project("{FAE04EC0-301F-11D3-BF4B-00C04F79EFBC}") = "Tests", "Tests\Tests.csproj", "{55D48751-31E5-4F19-9114-06E2E9F910D9}"
EndProject
Global
	GlobalSection(SolutionConfigurationPlatforms) = preSolution
		Debug|Any CPU = Debug|Any CPU
		Release|Any CPU = Release|Any CPU
	EndGlobalSection
	GlobalSection(ProjectConfigurationPlatforms) = postSolution
		{151BF71F-2F76-47EA-A163-89B92390EE40}.Debug|Any CPU.ActiveCfg = Debug|Any CPU
		{151BF71F-2F76-47EA-A163-89B92390EE40}.Debug|Any CPU.Build.0 = Debug|Any CPU
		{151BF71F-2F76-47EA-A163-89B92390EE40}.Release|Any CPU.ActiveCfg = Release|Any CPU
		{151BF71F-2F76-47EA-A163-89B92390EE40}.Release|Any CPU.Build.0 = Release|Any CPU
		{55D48751-31E5-4F19-9114-06E2E9F910D9}.Debug|Any CPU.ActiveCfg = Debug|Any CPU
		{55D48751-31E5-4F19-9114-06E2E9F910D9}.Debug|Any CPU.Build.0 = Debug|Any CPU
		{55D48751-31E5-4F19-9114-06E2E9F910D9}.Release|Any CPU.ActiveCfg = Release|Any CPU
		{55D48751-31E5-4F19-9114-06E2E9F910D9}.Release|Any CPU.Build.0 = Release|Any CPU
	EndGlobalSection
EndGlobal
